// !$*UTF8*$!
{
	archiveVersion = 1;
	classes = {
	};
	objectVersion = 46;
	objects = {

/* Begin PBXBuildFile section */
		3D8C84491D8972200020AB4A /* main.m in Sources */ = {isa = PBXBuildFile; fileRef = 3D8C84481D8972200020AB4A /* main.m */; };
		3D8C844C1D8972200020AB4A /* AppDelegate.m in Sources */ = {isa = PBXBuildFile; fileRef = 3D8C844B1D8972200020AB4A /* AppDelegate.m */; };
		3D8C84551D8972200020AB4A /* tywkwebview.xcdatamodeld in Sources */ = {isa = PBXBuildFile; fileRef = 3D8C84531D8972200020AB4A /* tywkwebview.xcdatamodeld */; };
		3D8C84571D8972200020AB4A /* Assets.xcassets in Resources */ = {isa = PBXBuildFile; fileRef = 3D8C84561D8972200020AB4A /* Assets.xcassets */; };
		3D8C84661D897A730020AB4A /* TYMainViewController.m in Sources */ = {isa = PBXBuildFile; fileRef = 3D8C84651D897A730020AB4A /* TYMainViewController.m */; };
		3D8C84691D8982830020AB4A /* TYWKWebView.m in Sources */ = {isa = PBXBuildFile; fileRef = 3D8C84681D8982830020AB4A /* TYWKWebView.m */; };
		3D8C846E1D898E4D0020AB4A /* TYWKMessageHandlers.m in Sources */ = {isa = PBXBuildFile; fileRef = 3D8C846D1D898E4D0020AB4A /* TYWKMessageHandlers.m */; };
		3D8C84711D898E5B0020AB4A /* TYWKConfiguration.m in Sources */ = {isa = PBXBuildFile; fileRef = 3D8C84701D898E5B0020AB4A /* TYWKConfiguration.m */; };
		3D8C84741D899AA80020AB4A /* TYWKWebViewController.m in Sources */ = {isa = PBXBuildFile; fileRef = 3D8C84731D899AA80020AB4A /* TYWKWebViewController.m */; };
/* End PBXBuildFile section */

/* Begin PBXFileReference section */
		3D8C84441D8972200020AB4A /* tywkwebview.app */ = {isa = PBXFileReference; explicitFileType = wrapper.application; includeInIndex = 0; path = tywkwebview.app; sourceTree = BUILT_PRODUCTS_DIR; };
		3D8C84481D8972200020AB4A /* main.m */ = {isa = PBXFileReference; lastKnownFileType = sourcecode.c.objc; path = main.m; sourceTree = "<group>"; };
		3D8C844A1D8972200020AB4A /* AppDelegate.h */ = {isa = PBXFileReference; lastKnownFileType = sourcecode.c.h; path = AppDelegate.h; sourceTree = "<group>"; };
		3D8C844B1D8972200020AB4A /* AppDelegate.m */ = {isa = PBXFileReference; lastKnownFileType = sourcecode.c.objc; path = AppDelegate.m; sourceTree = "<group>"; };
		3D8C84541D8972200020AB4A /* tywkwebview.xcdatamodel */ = {isa = PBXFileReference; lastKnownFileType = wrapper.xcdatamodel; path = tywkwebview.xcdatamodel; sourceTree = "<group>"; };
		3D8C84561D8972200020AB4A /* Assets.xcassets */ = {isa = PBXFileReference; lastKnownFileType = folder.assetcatalog; path = Assets.xcassets; sourceTree = "<group>"; };
		3D8C845B1D8972200020AB4A /* Info.plist */ = {isa = PBXFileReference; lastKnownFileType = text.plist.xml; path = Info.plist; sourceTree = "<group>"; };
		3D8C84641D897A730020AB4A /* TYMainViewController.h */ = {isa = PBXFileReference; fileEncoding = 4; lastKnownFileType = sourcecode.c.h; path = TYMainViewController.h; sourceTree = "<group>"; };
		3D8C84651D897A730020AB4A /* TYMainViewController.m */ = {isa = PBXFileReference; fileEncoding = 4; lastKnownFileType = sourcecode.c.objc; path = TYMainViewController.m; sourceTree = "<group>"; };
		3D8C84671D8982830020AB4A /* TYWKWebView.h */ = {isa = PBXFileReference; fileEncoding = 4; lastKnownFileType = sourcecode.c.h; path = TYWKWebView.h; sourceTree = "<group>"; };
		3D8C84681D8982830020AB4A /* TYWKWebView.m */ = {isa = PBXFileReference; fileEncoding = 4; lastKnownFileType = sourcecode.c.objc; path = TYWKWebView.m; sourceTree = "<group>"; };
		3D8C846C1D898E4D0020AB4A /* TYWKMessageHandlers.h */ = {isa = PBXFileReference; fileEncoding = 4; lastKnownFileType = sourcecode.c.h; path = TYWKMessageHandlers.h; sourceTree = "<group>"; };
		3D8C846D1D898E4D0020AB4A /* TYWKMessageHandlers.m */ = {isa = PBXFileReference; fileEncoding = 4; lastKnownFileType = sourcecode.c.objc; path = TYWKMessageHandlers.m; sourceTree = "<group>"; };
		3D8C846F1D898E5B0020AB4A /* TYWKConfiguration.h */ = {isa = PBXFileReference; fileEncoding = 4; lastKnownFileType = sourcecode.c.h; path = TYWKConfiguration.h; sourceTree = "<group>"; };
		3D8C84701D898E5B0020AB4A /* TYWKConfiguration.m */ = {isa = PBXFileReference; fileEncoding = 4; lastKnownFileType = sourcecode.c.objc; path = TYWKConfiguration.m; sourceTree = "<group>"; };
		3D8C84721D899AA80020AB4A /* TYWKWebViewController.h */ = {isa = PBXFileReference; fileEncoding = 4; lastKnownFileType = sourcecode.c.h; path = TYWKWebViewController.h; sourceTree = "<group>"; };
		3D8C84731D899AA80020AB4A /* TYWKWebViewController.m */ = {isa = PBXFileReference; fileEncoding = 4; lastKnownFileType = sourcecode.c.objc; path = TYWKWebViewController.m; sourceTree = "<group>"; };
/* End PBXFileReference section */

/* Begin PBXFrameworksBuildPhase section */
		3D8C84411D8972200020AB4A /* Frameworks */ = {
			isa = PBXFrameworksBuildPhase;
			buildActionMask = 2147483647;
			files = (
			);
			runOnlyForDeploymentPostprocessing = 0;
		};
/* End PBXFrameworksBuildPhase section */

/* Begin PBXGroup section */
		3D8C843B1D8972200020AB4A = {
			isa = PBXGroup;
			children = (
				3D8C84461D8972200020AB4A /* tywkwebview */,
				3D8C84451D8972200020AB4A /* Products */,
			);
			sourceTree = "<group>";
		};
		3D8C84451D8972200020AB4A /* Products */ = {
			isa = PBXGroup;
			children = (
				3D8C84441D8972200020AB4A /* tywkwebview.app */,
			);
			name = Products;
			sourceTree = "<group>";
		};
		3D8C84461D8972200020AB4A /* tywkwebview */ = {
			isa = PBXGroup;
			children = (
				3D8C846B1D898E370020AB4A /* Class */,
				3D8C846A1D8982890020AB4A /* View */,
				3D8C84631D8973250020AB4A /* Model */,
				3D8C84621D89731C0020AB4A /* appDelegate */,
				3D8C84611D8973020020AB4A /* viewController */,
				3D8C84561D8972200020AB4A /* Assets.xcassets */,
				3D8C845B1D8972200020AB4A /* Info.plist */,
				3D8C84531D8972200020AB4A /* tywkwebview.xcdatamodeld */,
				3D8C84471D8972200020AB4A /* Supporting Files */,
			);
			path = tywkwebview;
			sourceTree = "<group>";
		};
		3D8C84471D8972200020AB4A /* Supporting Files */ = {
			isa = PBXGroup;
			children = (
				3D8C84481D8972200020AB4A /* main.m */,
			);
			name = "Supporting Files";
			sourceTree = "<group>";
		};
		3D8C84611D8973020020AB4A /* viewController */ = {
			isa = PBXGroup;
			children = (
				3D8C84641D897A730020AB4A /* TYMainViewController.h */,
				3D8C84651D897A730020AB4A /* TYMainViewController.m */,
				3D8C84721D899AA80020AB4A /* TYWKWebViewController.h */,
				3D8C84731D899AA80020AB4A /* TYWKWebViewController.m */,
			);
			name = viewController;
			sourceTree = "<group>";
		};
		3D8C84621D89731C0020AB4A /* appDelegate */ = {
			isa = PBXGroup;
			children = (
				3D8C844A1D8972200020AB4A /* AppDelegate.h */,
				3D8C844B1D8972200020AB4A /* AppDelegate.m */,
			);
			name = appDelegate;
			sourceTree = "<group>";
		};
		3D8C84631D8973250020AB4A /* Model */ = {
			isa = PBXGroup;
			children = (
			);
			name = Model;
			sourceTree = "<group>";
		};
		3D8C846A1D8982890020AB4A /* View */ = {
			isa = PBXGroup;
			children = (
				3D8C84671D8982830020AB4A /* TYWKWebView.h */,
				3D8C84681D8982830020AB4A /* TYWKWebView.m */,
			);
			name = View;
			sourceTree = "<group>";
		};
		3D8C846B1D898E370020AB4A /* Class */ = {
			isa = PBXGroup;
			children = (
				3D8C846C1D898E4D0020AB4A /* TYWKMessageHandlers.h */,
				3D8C846D1D898E4D0020AB4A /* TYWKMessageHandlers.m */,
				3D8C846F1D898E5B0020AB4A /* TYWKConfiguration.h */,
				3D8C84701D898E5B0020AB4A /* TYWKConfiguration.m */,
			);
			name = Class;
			sourceTree = "<group>";
		};
/* End PBXGroup section */

/* Begin PBXNativeTarget section */
		3D8C84431D8972200020AB4A /* tywkwebview */ = {
			isa = PBXNativeTarget;
			buildConfigurationList = 3D8C845E1D8972200020AB4A /* Build configuration list for PBXNativeTarget "tywkwebview" */;
			buildPhases = (
				3D8C84401D8972200020AB4A /* Sources */,
				3D8C84411D8972200020AB4A /* Frameworks */,
				3D8C84421D8972200020AB4A /* Resources */,
			);
			buildRules = (
			);
			dependencies = (
			);
			name = tywkwebview;
			productName = tywkwebview;
			productReference = 3D8C84441D8972200020AB4A /* tywkwebview.app */;
			productType = "com.apple.product-type.application";
		};
/* End PBXNativeTarget section */

/* Begin PBXProject section */
		3D8C843C1D8972200020AB4A /* Project object */ = {
			isa = PBXProject;
			attributes = {
				LastUpgradeCheck = 0730;
				ORGANIZATIONNAME = "潘天佑";
				TargetAttributes = {
					3D8C84431D8972200020AB4A = {
						CreatedOnToolsVersion = 7.3.1;
						DevelopmentTeam = H557D9W9LA;
					};
				};
			};
			buildConfigurationList = 3D8C843F1D8972200020AB4A /* Build configuration list for PBXProject "tywkwebview" */;
			compatibilityVersion = "Xcode 3.2";
			developmentRegion = English;
			hasScannedForEncodings = 0;
			knownRegions = (
				en,
				Base,
			);
			mainGroup = 3D8C843B1D8972200020AB4A;
			productRefGroup = 3D8C84451D8972200020AB4A /* Products */;
			projectDirPath = "";
			projectRoot = "";
			targets = (
				3D8C84431D8972200020AB4A /* tywkwebview */,
			);
		};
/* End PBXProject section */

/* Begin PBXResourcesBuildPhase section */
		3D8C84421D8972200020AB4A /* Resources */ = {
			isa = PBXResourcesBuildPhase;
			buildActionMask = 2147483647;
			files = (
				3D8C84571D8972200020AB4A /* Assets.xcassets in Resources */,
			);
			runOnlyForDeploymentPostprocessing = 0;
		};
/* End PBXResourcesBuildPhase section */

/* Begin PBXSourcesBuildPhase section */
		3D8C84401D8972200020AB4A /* Sources */ = {
			isa = PBXSourcesBuildPhase;
			buildActionMask = 2147483647;
			files = (
				3D8C84551D8972200020AB4A /* tywkwebview.xcdatamodeld in Sources */,
				3D8C84661D897A730020AB4A /* TYMainViewController.m in Sources */,
				3D8C844C1D8972200020AB4A /* AppDelegate.m in Sources */,
				3D8C84691D8982830020AB4A /* TYWKWebView.m in Sources */,
				3D8C84491D8972200020AB4A /* main.m in Sources */,
				3D8C846E1D898E4D0020AB4A /* TYWKMessageHandlers.m in Sources */,
				3D8C84741D899AA80020AB4A /* TYWKWebViewController.m in Sources */,
				3D8C84711D898E5B0020AB4A /* TYWKConfiguration.m in Sources */,
			);
			runOnlyForDeploymentPostprocessing = 0;
		};
/* End PBXSourcesBuildPhase section */

/* Begin XCBuildConfiguration section */
		3D8C845C1D8972200020AB4A /* Debug */ = {
			isa = XCBuildConfiguration;
			buildSettings = {
				ALWAYS_SEARCH_USER_PATHS = NO;
				CLANG_ANALYZER_NONNULL = YES;
				CLANG_CXX_LANGUAGE_STANDARD = "gnu++0x";
				CLANG_CXX_LIBRARY = "libc++";
				CLANG_ENABLE_MODULES = YES;
				CLANG_ENABLE_OBJC_ARC = YES;
				CLANG_WARN_BOOL_CONVERSION = YES;
				CLANG_WARN_CONSTANT_CONVERSION = YES;
				CLANG_WARN_DIRECT_OBJC_ISA_USAGE = YES_ERROR;
				CLANG_WARN_EMPTY_BODY = YES;
				CLANG_WARN_ENUM_CONVERSION = YES;
				CLANG_WARN_INT_CONVERSION = YES;
				CLANG_WARN_OBJC_ROOT_CLASS = YES_ERROR;
				CLANG_WARN_UNREACHABLE_CODE = YES;
				CLANG_WARN__DUPLICATE_METHOD_MATCH = YES;
				"CODE_SIGN_IDENTITY[sdk=iphoneos*]" = "iPhone Developer";
				COPY_PHASE_STRIP = NO;
				DEBUG_INFORMATION_FORMAT = dwarf;
				ENABLE_STRICT_OBJC_MSGSEND = YES;
				ENABLE_TESTABILITY = YES;
				GCC_C_LANGUAGE_STANDARD = gnu99;
				GCC_DYNAMIC_NO_PIC = NO;
				GCC_NO_COMMON_BLOCKS = YES;
				GCC_OPTIMIZATION_LEVEL = 0;
				GCC_PREPROCESSOR_DEFINITIONS = (
					"DEBUG=1",
					"$(inherited)",
				);
				GCC_WARN_64_TO_32_BIT_CONVERSION = YES;
				GCC_WARN_ABOUT_RETURN_TYPE = YES_ERROR;
				GCC_WARN_UNDECLARED_SELECTOR = YES;
				GCC_WARN_UNINITIALIZED_AUTOS = YES_AGGRESSIVE;
				GCC_WARN_UNUSED_FUNCTION = YES;
				GCC_WARN_UNUSED_VARIABLE = YES;
				IPHONEOS_DEPLOYMENT_TARGET = 9.3;
				MTL_ENABLE_DEBUG_INFO = YES;
				ONLY_ACTIVE_ARCH = YES;
				SDKROOT = iphoneos;
				TARGETED_DEVICE_FAMILY = "1,2";
			};
			name = Debug;
		};
		3D8C845D1D8972200020AB4A /* Release */ = {
			isa = XCBuildConfiguration;
			buildSettings = {
				ALWAYS_SEARCH_USER_PATHS = NO;
				CLANG_ANALYZER_NONNULL = YES;
				CLANG_CXX_LANGUAGE_STANDARD = "gnu++0x";
				CLANG_CXX_LIBRARY = "libc++";
				CLANG_ENABLE_MODULES = YES;
				CLANG_ENABLE_OBJC_ARC = YES;
				CLANG_WARN_BOOL_CONVERSION = YES;
				CLANG_WARN_CONSTANT_CONVERSION = YES;
				CLANG_WARN_DIRECT_OBJC_ISA_USAGE = YES_ERROR;
				CLANG_WARN_EMPTY_BODY = YES;
				CLANG_WARN_ENUM_CONVERSION = YES;
				CLANG_WARN_INT_CONVERSION = YES;
				CLANG_WARN_OBJC_ROOT_CLASS = YES_ERROR;
				CLANG_WARN_UNREACHABLE_CODE = YES;
				CLANG_WARN__DUPLICATE_METHOD_MATCH = YES;
				"CODE_SIGN_IDENTITY[sdk=iphoneos*]" = "iPhone Developer";
				COPY_PHASE_STRIP = NO;
				DEBUG_INFORMATION_FORMAT = "dwarf-with-dsym";
				ENABLE_NS_ASSERTIONS = NO;
				ENABLE_STRICT_OBJC_MSGSEND = YES;
				GCC_C_LANGUAGE_STANDARD = gnu99;
				GCC_NO_COMMON_BLOCKS = YES;
				GCC_WARN_64_TO_32_BIT_CONVERSION = YES;
				GCC_WARN_ABOUT_RETURN_TYPE = YES_ERROR;
				GCC_WARN_UNDECLARED_SELECTOR = YES;
				GCC_WARN_UNINITIALIZED_AUTOS = YES_AGGRESSIVE;
				GCC_WARN_UNUSED_FUNCTION = YES;
				GCC_WARN_UNUSED_VARIABLE = YES;
				IPHONEOS_DEPLOYMENT_TARGET = 9.3;
				MTL_ENABLE_DEBUG_INFO = NO;
				SDKROOT = iphoneos;
				TARGETED_DEVICE_FAMILY = "1,2";
				VALIDATE_PRODUCT = YES;
			};
			name = Release;
		};
		3D8C845F1D8972200020AB4A /* Debug */ = {
			isa = XCBuildConfiguration;
			buildSettings = {
				ASSETCATALOG_COMPILER_APPICON_NAME = AppIcon;
				CODE_SIGN_IDENTITY = "iPhone Developer";
				INFOPLIST_FILE = tywkwebview/Info.plist;
				LD_RUNPATH_SEARCH_PATHS = "$(inherited) @executable_path/Frameworks";
				PRODUCT_BUNDLE_IDENTIFIER = Asia.tywkwebview;
				PRODUCT_NAME = "$(TARGET_NAME)";
			};
			name = Debug;
		};
		3D8C84601D8972200020AB4A /* Release */ = {
			isa = XCBuildConfiguration;
			buildSettings = {
				ASSETCATALOG_COMPILER_APPICON_NAME = AppIcon;
				CODE_SIGN_IDENTITY = "iPhone Developer";
				INFOPLIST_FILE = tywkwebview/Info.plist;
				LD_RUNPATH_SEARCH_PATHS = "$(inherited) @executable_path/Frameworks";
				PRODUCT_BUNDLE_IDENTIFIER = Asia.tywkwebview;
				PRODUCT_NAME = "$(TARGET_NAME)";
			};
			name = Release;
		};
/* End XCBuildConfiguration section */

/* Begin XCConfigurationList section */
		3D8C843F1D8972200020AB4A /* Build configuration list for PBXProject "tywkwebview" */ = {
			isa = XCConfigurationList;
			buildConfigurations = (
				3D8C845C1D8972200020AB4A /* Debug */,
				3D8C845D1D8972200020AB4A /* Release */,
			);
			defaultConfigurationIsVisible = 0;
			defaultConfigurationName = Release;
		};
		3D8C845E1D8972200020AB4A /* Build configuration list for PBXNativeTarget "tywkwebview" */ = {
			isa = XCConfigurationList;
			buildConfigurations = (
				3D8C845F1D8972200020AB4A /* Debug */,
				3D8C84601D8972200020AB4A /* Release */,
			);
			defaultConfigurationIsVisible = 0;
		};
/* End XCConfigurationList section */

/* Begin XCVersionGroup section */
		3D8C84531D8972200020AB4A /* tywkwebview.xcdatamodeld */ = {
			isa = XCVersionGroup;
			children = (
				3D8C84541D8972200020AB4A /* tywkwebview.xcdatamodel */,
			);
			currentVersion = 3D8C84541D8972200020AB4A /* tywkwebview.xcdatamodel */;
			path = tywkwebview.xcdatamodeld;
			sourceTree = "<group>";
			versionGroupType = wrapper.xcdatamodel;
		};
/* End XCVersionGroup section */
	};
	rootObject = 3D8C843C1D8972200020AB4A /* Project object */;
}
